{
  "requires": true,
  "lockfileVersion": 1,
  "dependencies": {
    "random.ts": {
      "version": "2.0.1",
      "resolved": "https://registry.npmjs.org/random.ts/-/random.ts-2.0.1.tgz",
      "integrity": "sha512-sXypu7T1F/P+WIpXrA6zJ8FElJSo1Ta7fLa7OwbnI1vfKVR+sgUXHP8vS+h6ESuYbhPPSVLW3aBJPnhNJguYcw=="
    }
  }
}
