{
  "name": "simulatus",
  "version": "1.0.0",
  "lockfileVersion": 1,
  "requires": true,
  "dependencies": {
    "immutable": {
      "version": "4.0.0-rc.12",
      "resolved": "https://registry.npmjs.org/immutable/-/immutable-4.0.0-rc.12.tgz",
      "integrity": "sha512-0M2XxkZLx/mi3t8NVwIm1g8nHoEmM9p9UBl/G9k4+hm0kBgOVdMV/B3CY5dQ8qG8qc80NN4gDV4HQv6FTJ5q7A=="
    },
    "random.ts": {
      "version": "2.0.1",
      "resolved": "https://registry.npmjs.org/random.ts/-/random.ts-2.0.1.tgz",
      "integrity": "sha512-sXypu7T1F/P+WIpXrA6zJ8FElJSo1Ta7fLa7OwbnI1vfKVR+sgUXHP8vS+h6ESuYbhPPSVLW3aBJPnhNJguYcw=="
    },
    "ts-fs": {
      "version": "0.1.0",
      "resolved": "https://registry.npmjs.org/ts-fs/-/ts-fs-0.1.0.tgz",
      "integrity": "sha512-MkiqlarfH3i0v3HRd6riH92m21c12SRZH54xxflQfrAdPLytxjrRQK6SK89QUDbFIqj7Z00i0Ph2NGYSB6KAfA==",
      "requires": {
        "ts-pfy": "^1.0.0"
      }
    },
    "ts-pfy": {
      "version": "1.0.0",
      "resolved": "https://registry.npmjs.org/ts-pfy/-/ts-pfy-1.0.0.tgz",
      "integrity": "sha512-afH0jsRK144FKyqQDkQ3OHA9ey5Pr4S0UguYDB/ZRn7RpiYQCa/n3yI0INsqWD9waTpdBcrn+ELVB1AEEAoGNw=="
    },
    "uuid": {
      "version": "8.3.1",
      "resolved": "https://registry.npmjs.org/uuid/-/uuid-8.3.1.tgz",
      "integrity": "sha512-FOmRr+FmWEIG8uhZv6C2bTgEVXsHk08kE7mPlrBbEe+c3r9pjceVPgupIfNIhc4yx55H69OXANrUaSuu9eInKg=="
    }
  }
}
